
Microsoft Visual Studio Solution File, Format Version 12.00
# Visual Studio Version 16
VisualStudioVersion = 16.0.31019.35
MinimumVisualStudioVersion = 10.0.40219.1
Project("{9A19103F-16F7-4668-BE54-9A1E7A4F7556}") = "WebLuanVan.WebApp", "WebLuanVan\WebLuanVan.WebApp.csproj", "{B1FE4BBF-2655-4389-9DBB-7DBB63F5A5C6}"
EndProject
Project("{9A19103F-16F7-4668-BE54-9A1E7A4F7556}") = "WebLuanVan.Data", "WebLuanVan.Data\WebLuanVan.Data.csproj", "{1F47ED94-1FFB-4F30-BEC3-C0E011C58B0B}"
EndProject
Project("{9A19103F-16F7-4668-BE54-9A1E7A4F7556}") = "WebLuanVan.BackendApi", "WebLuanVan.BackendApi\WebLuanVan.BackendApi.csproj", "{C91263D8-9ADF-476B-A1B9-5EDDF92B80A5}"
EndProject
Project("{FAE04EC0-301F-11D3-BF4B-00C04F79EFBC}") = "WebLuanVan.AdminApp", "WebLuanVan.AdminApp\WebLuanVan.AdminApp.csproj", "{5F8CEF8C-EC3B-4C60-BCD4-21A5C5750244}"
EndProject
Global
	GlobalSection(SolutionConfigurationPlatforms) = preSolution
		Debug|Any CPU = Debug|Any CPU
		Release|Any CPU = Release|Any CPU
	EndGlobalSection
	GlobalSection(ProjectConfigurationPlatforms) = postSolution
		{B1FE4BBF-2655-4389-9DBB-7DBB63F5A5C6}.Debug|Any CPU.ActiveCfg = Debug|Any CPU
		{B1FE4BBF-2655-4389-9DBB-7DBB63F5A5C6}.Debug|Any CPU.Build.0 = Debug|Any CPU
		{B1FE4BBF-2655-4389-9DBB-7DBB63F5A5C6}.Release|Any CPU.ActiveCfg = Release|Any CPU
		{B1FE4BBF-2655-4389-9DBB-7DBB63F5A5C6}.Release|Any CPU.Build.0 = Release|Any CPU
		{1F47ED94-1FFB-4F30-BEC3-C0E011C58B0B}.Debug|Any CPU.ActiveCfg = Debug|Any CPU
		{1F47ED94-1FFB-4F30-BEC3-C0E011C58B0B}.Debug|Any CPU.Build.0 = Debug|Any CPU
		{1F47ED94-1FFB-4F30-BEC3-C0E011C58B0B}.Release|Any CPU.ActiveCfg = Release|Any CPU
		{1F47ED94-1FFB-4F30-BEC3-C0E011C58B0B}.Release|Any CPU.Build.0 = Release|Any CPU
		{C91263D8-9ADF-476B-A1B9-5EDDF92B80A5}.Debug|Any CPU.ActiveCfg = Debug|Any CPU
		{C91263D8-9ADF-476B-A1B9-5EDDF92B80A5}.Debug|Any CPU.Build.0 = Debug|Any CPU
		{C91263D8-9ADF-476B-A1B9-5EDDF92B80A5}.Release|Any CPU.ActiveCfg = Release|Any CPU
		{C91263D8-9ADF-476B-A1B9-5EDDF92B80A5}.Release|Any CPU.Build.0 = Release|Any CPU
		{5F8CEF8C-EC3B-4C60-BCD4-21A5C5750244}.Debug|Any CPU.ActiveCfg = Debug|Any CPU
		{5F8CEF8C-EC3B-4C60-BCD4-21A5C5750244}.Debug|Any CPU.Build.0 = Debug|Any CPU
		{5F8CEF8C-EC3B-4C60-BCD4-21A5C5750244}.Release|Any CPU.ActiveCfg = Release|Any CPU
		{5F8CEF8C-EC3B-4C60-BCD4-21A5C5750244}.Release|Any CPU.Build.0 = Release|Any CPU
	EndGlobalSection
	GlobalSection(SolutionProperties) = preSolution
		HideSolutionNode = FALSE
	EndGlobalSection
	GlobalSection(ExtensibilityGlobals) = postSolution
		SolutionGuid = {6EE2CD05-21DE-48F3-8AC3-964597E6407D}
	EndGlobalSection
EndGlobal
